// !$*UTF8*$!
{
	archiveVersion = 1;
	classes = {
	};
	objectVersion = 46;
	objects = {

/* Begin PBXBuildFile section */
		8423B27C1F1896DF009A8AED /* RecommendViewController.swift in Sources */ = {isa = PBXBuildFile; fileRef = 8423B27B1F1896DF009A8AED /* RecommendViewController.swift */; };
		842AB2A41F170F390012FC6E /* UIBarButtonItem-Extension.swift in Sources */ = {isa = PBXBuildFile; fileRef = 842AB2A31F170F390012FC6E /* UIBarButtonItem-Extension.swift */; };
		842AB2AA1F17119A0012FC6E /* FMPageTitleView.swift in Sources */ = {isa = PBXBuildFile; fileRef = 842AB2A91F17119A0012FC6E /* FMPageTitleView.swift */; };
		842AB2AE1F17146E0012FC6E /* Common.swift in Sources */ = {isa = PBXBuildFile; fileRef = 842AB2AD1F17146E0012FC6E /* Common.swift */; };
		842AB2B01F1746600012FC6E /* FMPageContentView.swift in Sources */ = {isa = PBXBuildFile; fileRef = 842AB2AF1F1746600012FC6E /* FMPageContentView.swift */; };
		842AB2B21F175B740012FC6E /* UIColor-Extension.swift in Sources */ = {isa = PBXBuildFile; fileRef = 842AB2B11F175B740012FC6E /* UIColor-Extension.swift */; };
		8443E75A1F15F7EF002EDF01 /* AppDelegate.swift in Sources */ = {isa = PBXBuildFile; fileRef = 8443E7591F15F7EF002EDF01 /* AppDelegate.swift */; };
		8443E7621F15F7EF002EDF01 /* DYZB.xcdatamodeld in Sources */ = {isa = PBXBuildFile; fileRef = 8443E7601F15F7EF002EDF01 /* DYZB.xcdatamodeld */; };
		8443E7641F15F7EF002EDF01 /* Assets.xcassets in Resources */ = {isa = PBXBuildFile; fileRef = 8443E7631F15F7EF002EDF01 /* Assets.xcassets */; };
		8443E7671F15F7EF002EDF01 /* LaunchScreen.storyboard in Resources */ = {isa = PBXBuildFile; fileRef = 8443E7651F15F7EF002EDF01 /* LaunchScreen.storyboard */; };
		8443E7961F161897002EDF01 /* Live.storyboard in Resources */ = {isa = PBXBuildFile; fileRef = 8443E7951F161897002EDF01 /* Live.storyboard */; };
		8443E7981F16189E002EDF01 /* Follow.storyboard in Resources */ = {isa = PBXBuildFile; fileRef = 8443E7971F16189E002EDF01 /* Follow.storyboard */; };
		8443E79A1F1618A4002EDF01 /* Profile.storyboard in Resources */ = {isa = PBXBuildFile; fileRef = 8443E7991F1618A4002EDF01 /* Profile.storyboard */; };
		8443E7A21F161CDB002EDF01 /* Main.storyboard in Resources */ = {isa = PBXBuildFile; fileRef = 8443E79E1F161CDB002EDF01 /* Main.storyboard */; };
		8443E7A31F161CDB002EDF01 /* MainViewController.swift in Sources */ = {isa = PBXBuildFile; fileRef = 8443E79F1F161CDB002EDF01 /* MainViewController.swift */; };
		8443E7A81F161CFD002EDF01 /* Home.storyboard in Resources */ = {isa = PBXBuildFile; fileRef = 8443E7A51F161CFD002EDF01 /* Home.storyboard */; };
		8443E7AA1F161D20002EDF01 /* HomeViewController.swift in Sources */ = {isa = PBXBuildFile; fileRef = 8443E7A91F161D20002EDF01 /* HomeViewController.swift */; };
/* End PBXBuildFile section */

/* Begin PBXFileReference section */
		8423B27B1F1896DF009A8AED /* RecommendViewController.swift */ = {isa = PBXFileReference; fileEncoding = 4; lastKnownFileType = sourcecode.swift; path = RecommendViewController.swift; sourceTree = "<group>"; };
		842AB2A31F170F390012FC6E /* UIBarButtonItem-Extension.swift */ = {isa = PBXFileReference; fileEncoding = 4; lastKnownFileType = sourcecode.swift; path = "UIBarButtonItem-Extension.swift"; sourceTree = "<group>"; };
		842AB2A91F17119A0012FC6E /* FMPageTitleView.swift */ = {isa = PBXFileReference; fileEncoding = 4; lastKnownFileType = sourcecode.swift; path = FMPageTitleView.swift; sourceTree = "<group>"; };
		842AB2AD1F17146E0012FC6E /* Common.swift */ = {isa = PBXFileReference; fileEncoding = 4; lastKnownFileType = sourcecode.swift; path = Common.swift; sourceTree = "<group>"; };
		842AB2AF1F1746600012FC6E /* FMPageContentView.swift */ = {isa = PBXFileReference; fileEncoding = 4; lastKnownFileType = sourcecode.swift; path = FMPageContentView.swift; sourceTree = "<group>"; };
		842AB2B11F175B740012FC6E /* UIColor-Extension.swift */ = {isa = PBXFileReference; fileEncoding = 4; lastKnownFileType = sourcecode.swift; path = "UIColor-Extension.swift"; sourceTree = "<group>"; };
		8443E7561F15F7EF002EDF01 /* DYZB.app */ = {isa = PBXFileReference; explicitFileType = wrapper.application; includeInIndex = 0; path = DYZB.app; sourceTree = BUILT_PRODUCTS_DIR; };
		8443E7591F15F7EF002EDF01 /* AppDelegate.swift */ = {isa = PBXFileReference; lastKnownFileType = sourcecode.swift; path = AppDelegate.swift; sourceTree = "<group>"; };
		8443E7611F15F7EF002EDF01 /* DYZB.xcdatamodel */ = {isa = PBXFileReference; lastKnownFileType = wrapper.xcdatamodel; path = DYZB.xcdatamodel; sourceTree = "<group>"; };
		8443E7631F15F7EF002EDF01 /* Assets.xcassets */ = {isa = PBXFileReference; lastKnownFileType = folder.assetcatalog; path = Assets.xcassets; sourceTree = "<group>"; };
		8443E7661F15F7EF002EDF01 /* Base */ = {isa = PBXFileReference; lastKnownFileType = file.storyboard; name = Base; path = Base.lproj/LaunchScreen.storyboard; sourceTree = "<group>"; };
		8443E7681F15F7EF002EDF01 /* Info.plist */ = {isa = PBXFileReference; lastKnownFileType = text.plist.xml; path = Info.plist; sourceTree = "<group>"; };
		8443E7951F161897002EDF01 /* Live.storyboard */ = {isa = PBXFileReference; fileEncoding = 4; lastKnownFileType = file.storyboard; path = Live.storyboard; sourceTree = "<group>"; };
		8443E7971F16189E002EDF01 /* Follow.storyboard */ = {isa = PBXFileReference; fileEncoding = 4; lastKnownFileType = file.storyboard; path = Follow.storyboard; sourceTree = "<group>"; };
		8443E7991F1618A4002EDF01 /* Profile.storyboard */ = {isa = PBXFileReference; fileEncoding = 4; lastKnownFileType = file.storyboard; path = Profile.storyboard; sourceTree = "<group>"; };
		8443E79E1F161CDB002EDF01 /* Main.storyboard */ = {isa = PBXFileReference; fileEncoding = 4; lastKnownFileType = file.storyboard; path = Main.storyboard; sourceTree = "<group>"; };
		8443E79F1F161CDB002EDF01 /* MainViewController.swift */ = {isa = PBXFileReference; fileEncoding = 4; lastKnownFileType = sourcecode.swift; path = MainViewController.swift; sourceTree = "<group>"; };
		8443E7A51F161CFD002EDF01 /* Home.storyboard */ = {isa = PBXFileReference; fileEncoding = 4; lastKnownFileType = file.storyboard; path = Home.storyboard; sourceTree = "<group>"; };
		8443E7A91F161D20002EDF01 /* HomeViewController.swift */ = {isa = PBXFileReference; fileEncoding = 4; lastKnownFileType = sourcecode.swift; path = HomeViewController.swift; sourceTree = "<group>"; };
/* End PBXFileReference section */

/* Begin PBXFrameworksBuildPhase section */
		8443E7531F15F7EF002EDF01 /* Frameworks */ = {
			isa = PBXFrameworksBuildPhase;
			buildActionMask = 2147483647;
			files = (
			);
			runOnlyForDeploymentPostprocessing = 0;
		};
/* End PBXFrameworksBuildPhase section */

/* Begin PBXGroup section */
		842AB2A51F17113A0012FC6E /* Common */ = {
			isa = PBXGroup;
			children = (
				842AB2A61F17114D0012FC6E /* View */,
			);
			path = Common;
			sourceTree = "<group>";
		};
		842AB2A61F17114D0012FC6E /* View */ = {
			isa = PBXGroup;
			children = (
				842AB2A91F17119A0012FC6E /* FMPageTitleView.swift */,
				842AB2AF1F1746600012FC6E /* FMPageContentView.swift */,
			);
			path = View;
			sourceTree = "<group>";
		};
		8443E74D1F15F7EF002EDF01 = {
			isa = PBXGroup;
			children = (
				8443E7581F15F7EF002EDF01 /* DYZB */,
				8443E7571F15F7EF002EDF01 /* Products */,
			);
			sourceTree = "<group>";
		};
		8443E7571F15F7EF002EDF01 /* Products */ = {
			isa = PBXGroup;
			children = (
				8443E7561F15F7EF002EDF01 /* DYZB.app */,
			);
			name = Products;
			sourceTree = "<group>";
		};
		8443E7581F15F7EF002EDF01 /* DYZB */ = {
			isa = PBXGroup;
			children = (
				8443E76E1F15FBEF002EDF01 /* Classes */,
				8443E7591F15F7EF002EDF01 /* AppDelegate.swift */,
				8443E7631F15F7EF002EDF01 /* Assets.xcassets */,
				8443E7651F15F7EF002EDF01 /* LaunchScreen.storyboard */,
				8443E7681F15F7EF002EDF01 /* Info.plist */,
				8443E7601F15F7EF002EDF01 /* DYZB.xcdatamodeld */,
			);
			path = DYZB;
			sourceTree = "<group>";
		};
		8443E76E1F15FBEF002EDF01 /* Classes */ = {
			isa = PBXGroup;
			children = (
				842AB2A51F17113A0012FC6E /* Common */,
				8443E7721F15FBEF002EDF01 /* Main */,
				8443E7701F15FBEF002EDF01 /* Home */,
				8443E7711F15FBEF002EDF01 /* Live */,
				8443E76F1F15FBEF002EDF01 /* Follow */,
				8443E7731F15FBEF002EDF01 /* Profile */,
				8443E7741F15FBEF002EDF01 /* Tools */,
			);
			path = Classes;
			sourceTree = "<group>";
		};
		8443E76F1F15FBEF002EDF01 /* Follow */ = {
			isa = PBXGroup;
			children = (
				8443E7971F16189E002EDF01 /* Follow.storyboard */,
			);
			path = Follow;
			sourceTree = "<group>";
		};
		8443E7701F15FBEF002EDF01 /* Home */ = {
			isa = PBXGroup;
			children = (
				8443E7A41F161CFD002EDF01 /* Controller */,
				8443E7A61F161CFD002EDF01 /* Model */,
				8443E7A71F161CFD002EDF01 /* View */,
			);
			path = Home;
			sourceTree = "<group>";
		};
		8443E7711F15FBEF002EDF01 /* Live */ = {
			isa = PBXGroup;
			children = (
				8443E7951F161897002EDF01 /* Live.storyboard */,
			);
			path = Live;
			sourceTree = "<group>";
		};
		8443E7721F15FBEF002EDF01 /* Main */ = {
			isa = PBXGroup;
			children = (
				8443E79D1F161CDB002EDF01 /* Controller */,
				8443E7A01F161CDB002EDF01 /* Model */,
				8443E7A11F161CDB002EDF01 /* View */,
			);
			path = Main;
			sourceTree = "<group>";
		};
		8443E7731F15FBEF002EDF01 /* Profile */ = {
			isa = PBXGroup;
			children = (
				8443E7991F1618A4002EDF01 /* Profile.storyboard */,
			);
			path = Profile;
			sourceTree = "<group>";
		};
		8443E7741F15FBEF002EDF01 /* Tools */ = {
			isa = PBXGroup;
			children = (
				842AB2AD1F17146E0012FC6E /* Common.swift */,
				8443E7AB1F1622FF002EDF01 /* Extension */,
			);
			path = Tools;
			sourceTree = "<group>";
		};
		8443E79D1F161CDB002EDF01 /* Controller */ = {
			isa = PBXGroup;
			children = (
				8443E79E1F161CDB002EDF01 /* Main.storyboard */,
				8443E79F1F161CDB002EDF01 /* MainViewController.swift */,
			);
			path = Controller;
			sourceTree = "<group>";
		};
		8443E7A01F161CDB002EDF01 /* Model */ = {
			isa = PBXGroup;
			children = (
			);
			path = Model;
			sourceTree = "<group>";
		};
		8443E7A11F161CDB002EDF01 /* View */ = {
			isa = PBXGroup;
			children = (
			);
			path = View;
			sourceTree = "<group>";
		};
		8443E7A41F161CFD002EDF01 /* Controller */ = {
			isa = PBXGroup;
			children = (
				8443E7A51F161CFD002EDF01 /* Home.storyboard */,
				8443E7A91F161D20002EDF01 /* HomeViewController.swift */,
				8423B27B1F1896DF009A8AED /* RecommendViewController.swift */,
			);
			path = Controller;
			sourceTree = "<group>";
		};
		8443E7A61F161CFD002EDF01 /* Model */ = {
			isa = PBXGroup;
			children = (
			);
			path = Model;
			sourceTree = "<group>";
		};
		8443E7A71F161CFD002EDF01 /* View */ = {
			isa = PBXGroup;
			children = (
			);
			path = View;
			sourceTree = "<group>";
		};
		8443E7AB1F1622FF002EDF01 /* Extension */ = {
			isa = PBXGroup;
			children = (
				842AB2A31F170F390012FC6E /* UIBarButtonItem-Extension.swift */,
				842AB2B11F175B740012FC6E /* UIColor-Extension.swift */,
			);
			path = Extension;
			sourceTree = "<group>";
		};
/* End PBXGroup section */

/* Begin PBXNativeTarget section */
		8443E7551F15F7EF002EDF01 /* DYZB */ = {
			isa = PBXNativeTarget;
			buildConfigurationList = 8443E76B1F15F7EF002EDF01 /* Build configuration list for PBXNativeTarget "DYZB" */;
			buildPhases = (
				8443E7521F15F7EF002EDF01 /* Sources */,
				8443E7531F15F7EF002EDF01 /* Frameworks */,
				8443E7541F15F7EF002EDF01 /* Resources */,
			);
			buildRules = (
			);
			dependencies = (
			);
			name = DYZB;
			productName = DYZB;
			productReference = 8443E7561F15F7EF002EDF01 /* DYZB.app */;
			productType = "com.apple.product-type.application";
		};
/* End PBXNativeTarget section */

/* Begin PBXProject section */
		8443E74E1F15F7EF002EDF01 /* Project object */ = {
			isa = PBXProject;
			attributes = {
				LastSwiftUpdateCheck = 0830;
				LastUpgradeCheck = 0830;
				ORGANIZATIONNAME = wangjiuyin;
				TargetAttributes = {
					8443E7551F15F7EF002EDF01 = {
						CreatedOnToolsVersion = 8.3.3;
						DevelopmentTeam = 538CZ4N2AQ;
						ProvisioningStyle = Automatic;
					};
				};
			};
			buildConfigurationList = 8443E7511F15F7EF002EDF01 /* Build configuration list for PBXProject "DYZB" */;
			compatibilityVersion = "Xcode 3.2";
			developmentRegion = English;
			hasScannedForEncodings = 0;
			knownRegions = (
				en,
				Base,
			);
			mainGroup = 8443E74D1F15F7EF002EDF01;
			productRefGroup = 8443E7571F15F7EF002EDF01 /* Products */;
			projectDirPath = "";
			projectRoot = "";
			targets = (
				8443E7551F15F7EF002EDF01 /* DYZB */,
			);
		};
/* End PBXProject section */

/* Begin PBXResourcesBuildPhase section */
		8443E7541F15F7EF002EDF01 /* Resources */ = {
			isa = PBXResourcesBuildPhase;
			buildActionMask = 2147483647;
			files = (
				8443E7A81F161CFD002EDF01 /* Home.storyboard in Resources */,
				8443E7A21F161CDB002EDF01 /* Main.storyboard in Resources */,
				8443E7671F15F7EF002EDF01 /* LaunchScreen.storyboard in Resources */,
				8443E7641F15F7EF002EDF01 /* Assets.xcassets in Resources */,
				8443E7961F161897002EDF01 /* Live.storyboard in Resources */,
				8443E79A1F1618A4002EDF01 /* Profile.storyboard in Resources */,
				8443E7981F16189E002EDF01 /* Follow.storyboard in Resources */,
			);
			runOnlyForDeploymentPostprocessing = 0;
		};
/* End PBXResourcesBuildPhase section */

/* Begin PBXSourcesBuildPhase section */
		8443E7521F15F7EF002EDF01 /* Sources */ = {
			isa = PBXSourcesBuildPhase;
			buildActionMask = 2147483647;
			files = (
				842AB2B01F1746600012FC6E /* FMPageContentView.swift in Sources */,
				842AB2A41F170F390012FC6E /* UIBarButtonItem-Extension.swift in Sources */,
				842AB2AA1F17119A0012FC6E /* FMPageTitleView.swift in Sources */,
				8443E7A31F161CDB002EDF01 /* MainViewController.swift in Sources */,
				842AB2B21F175B740012FC6E /* UIColor-Extension.swift in Sources */,
				8443E7621F15F7EF002EDF01 /* DYZB.xcdatamodeld in Sources */,
				8443E75A1F15F7EF002EDF01 /* AppDelegate.swift in Sources */,
				8443E7AA1F161D20002EDF01 /* HomeViewController.swift in Sources */,
				842AB2AE1F17146E0012FC6E /* Common.swift in Sources */,
				8423B27C1F1896DF009A8AED /* RecommendViewController.swift in Sources */,
			);
			runOnlyForDeploymentPostprocessing = 0;
		};
/* End PBXSourcesBuildPhase section */

/* Begin PBXVariantGroup section */
		8443E7651F15F7EF002EDF01 /* LaunchScreen.storyboard */ = {
			isa = PBXVariantGroup;
			children = (
				8443E7661F15F7EF002EDF01 /* Base */,
			);
			name = LaunchScreen.storyboard;
			sourceTree = "<group>";
		};
/* End PBXVariantGroup section */

/* Begin XCBuildConfiguration section */
		8443E7691F15F7EF002EDF01 /* Debug */ = {
			isa = XCBuildConfiguration;
			buildSettings = {
				ALWAYS_SEARCH_USER_PATHS = NO;
				CLANG_ANALYZER_NONNULL = YES;
				CLANG_ANALYZER_NUMBER_OBJECT_CONVERSION = YES_AGGRESSIVE;
				CLANG_CXX_LANGUAGE_STANDARD = "gnu++0x";
				CLANG_CXX_LIBRARY = "libc++";
				CLANG_ENABLE_MODULES = YES;
				CLANG_ENABLE_OBJC_ARC = YES;
				CLANG_WARN_BOOL_CONVERSION = YES;
				CLANG_WARN_CONSTANT_CONVERSION = YES;
				CLANG_WARN_DIRECT_OBJC_ISA_USAGE = YES_ERROR;
				CLANG_WARN_DOCUMENTATION_COMMENTS = YES;
				CLANG_WARN_EMPTY_BODY = YES;
				CLANG_WARN_ENUM_CONVERSION = YES;
				CLANG_WARN_INFINITE_RECURSION = YES;
				CLANG_WARN_INT_CONVERSION = YES;
				CLANG_WARN_OBJC_ROOT_CLASS = YES_ERROR;
				CLANG_WARN_SUSPICIOUS_MOVE = YES;
				CLANG_WARN_UNREACHABLE_CODE = YES;
				CLANG_WARN__DUPLICATE_METHOD_MATCH = YES;
				"CODE_SIGN_IDENTITY[sdk=iphoneos*]" = "iPhone Developer";
				COPY_PHASE_STRIP = NO;
				DEBUG_INFORMATION_FORMAT = dwarf;
				ENABLE_STRICT_OBJC_MSGSEND = YES;
				ENABLE_TESTABILITY = YES;
				GCC_C_LANGUAGE_STANDARD = gnu99;
				GCC_DYNAMIC_NO_PIC = NO;
				GCC_NO_COMMON_BLOCKS = YES;
				GCC_OPTIMIZATION_LEVEL = 0;
				GCC_PREPROCESSOR_DEFINITIONS = (
					"DEBUG=1",
					"$(inherited)",
				);
				GCC_WARN_64_TO_32_BIT_CONVERSION = YES;
				GCC_WARN_ABOUT_RETURN_TYPE = YES_ERROR;
				GCC_WARN_UNDECLARED_SELECTOR = YES;
				GCC_WARN_UNINITIALIZED_AUTOS = YES_AGGRESSIVE;
				GCC_WARN_UNUSED_FUNCTION = YES;
				GCC_WARN_UNUSED_VARIABLE = YES;
				IPHONEOS_DEPLOYMENT_TARGET = 10.3;
				MTL_ENABLE_DEBUG_INFO = YES;
				ONLY_ACTIVE_ARCH = YES;
				SDKROOT = iphoneos;
				SWIFT_ACTIVE_COMPILATION_CONDITIONS = DEBUG;
				SWIFT_OPTIMIZATION_LEVEL = "-Onone";
			};
			name = Debug;
		};
		8443E76A1F15F7EF002EDF01 /* Release */ = {
			isa = XCBuildConfiguration;
			buildSettings = {
				ALWAYS_SEARCH_USER_PATHS = NO;
				CLANG_ANALYZER_NONNULL = YES;
				CLANG_ANALYZER_NUMBER_OBJECT_CONVERSION = YES_AGGRESSIVE;
				CLANG_CXX_LANGUAGE_STANDARD = "gnu++0x";
				CLANG_CXX_LIBRARY = "libc++";
				CLANG_ENABLE_MODULES = YES;
				CLANG_ENABLE_OBJC_ARC = YES;
				CLANG_WARN_BOOL_CONVERSION = YES;
				CLANG_WARN_CONSTANT_CONVERSION = YES;
				CLANG_WARN_DIRECT_OBJC_ISA_USAGE = YES_ERROR;
				CLANG_WARN_DOCUMENTATION_COMMENTS = YES;
				CLANG_WARN_EMPTY_BODY = YES;
				CLANG_WARN_ENUM_CONVERSION = YES;
				CLANG_WARN_INFINITE_RECURSION = YES;
				CLANG_WARN_INT_CONVERSION = YES;
				CLANG_WARN_OBJC_ROOT_CLASS = YES_ERROR;
				CLANG_WARN_SUSPICIOUS_MOVE = YES;
				CLANG_WARN_UNREACHABLE_CODE = YES;
				CLANG_WARN__DUPLICATE_METHOD_MATCH = YES;
				"CODE_SIGN_IDENTITY[sdk=iphoneos*]" = "iPhone Developer";
				COPY_PHASE_STRIP = NO;
				DEBUG_INFORMATION_FORMAT = "dwarf-with-dsym";
				ENABLE_NS_ASSERTIONS = NO;
				ENABLE_STRICT_OBJC_MSGSEND = YES;
				GCC_C_LANGUAGE_STANDARD = gnu99;
				GCC_NO_COMMON_BLOCKS = YES;
				GCC_WARN_64_TO_32_BIT_CONVERSION = YES;
				GCC_WARN_ABOUT_RETURN_TYPE = YES_ERROR;
				GCC_WARN_UNDECLARED_SELECTOR = YES;
				GCC_WARN_UNINITIALIZED_AUTOS = YES_AGGRESSIVE;
				GCC_WARN_UNUSED_FUNCTION = YES;
				GCC_WARN_UNUSED_VARIABLE = YES;
				IPHONEOS_DEPLOYMENT_TARGET = 10.3;
				MTL_ENABLE_DEBUG_INFO = NO;
				SDKROOT = iphoneos;
				SWIFT_OPTIMIZATION_LEVEL = "-Owholemodule";
				VALIDATE_PRODUCT = YES;
			};
			name = Release;
		};
		8443E76C1F15F7EF002EDF01 /* Debug */ = {
			isa = XCBuildConfiguration;
			buildSettings = {
				ASSETCATALOG_COMPILER_APPICON_NAME = AppIcon;
				ASSETCATALOG_COMPILER_LAUNCHIMAGE_NAME = "Brand Assets";
				DEVELOPMENT_TEAM = 538CZ4N2AQ;
				INFOPLIST_FILE = DYZB/Info.plist;
				IPHONEOS_DEPLOYMENT_TARGET = 8.0;
				LD_RUNPATH_SEARCH_PATHS = "$(inherited) @executable_path/Frameworks";
				PRODUCT_BUNDLE_IDENTIFIER = com.jiemian.DYZB;
				PRODUCT_NAME = "$(TARGET_NAME)";
				SWIFT_VERSION = 3.0;
			};
			name = Debug;
		};
		8443E76D1F15F7EF002EDF01 /* Release */ = {
			isa = XCBuildConfiguration;
			buildSettings = {
				ASSETCATALOG_COMPILER_APPICON_NAME = AppIcon;
				ASSETCATALOG_COMPILER_LAUNCHIMAGE_NAME = "Brand Assets";
				DEVELOPMENT_TEAM = 538CZ4N2AQ;
				INFOPLIST_FILE = DYZB/Info.plist;
				IPHONEOS_DEPLOYMENT_TARGET = 8.0;
				LD_RUNPATH_SEARCH_PATHS = "$(inherited) @executable_path/Frameworks";
				PRODUCT_BUNDLE_IDENTIFIER = com.jiemian.DYZB;
				PRODUCT_NAME = "$(TARGET_NAME)";
				SWIFT_VERSION = 3.0;
			};
			name = Release;
		};
/* End XCBuildConfiguration section */

/* Begin XCConfigurationList section */
		8443E7511F15F7EF002EDF01 /* Build configuration list for PBXProject "DYZB" */ = {
			isa = XCConfigurationList;
			buildConfigurations = (
				8443E7691F15F7EF002EDF01 /* Debug */,
				8443E76A1F15F7EF002EDF01 /* Release */,
			);
			defaultConfigurationIsVisible = 0;
			defaultConfigurationName = Release;
		};
		8443E76B1F15F7EF002EDF01 /* Build configuration list for PBXNativeTarget "DYZB" */ = {
			isa = XCConfigurationList;
			buildConfigurations = (
				8443E76C1F15F7EF002EDF01 /* Debug */,
				8443E76D1F15F7EF002EDF01 /* Release */,
			);
			defaultConfigurationIsVisible = 0;
			defaultConfigurationName = Release;
		};
/* End XCConfigurationList section */

/* Begin XCVersionGroup section */
		8443E7601F15F7EF002EDF01 /* DYZB.xcdatamodeld */ = {
			isa = XCVersionGroup;
			children = (
				8443E7611F15F7EF002EDF01 /* DYZB.xcdatamodel */,
			);
			currentVersion = 8443E7611F15F7EF002EDF01 /* DYZB.xcdatamodel */;
			path = DYZB.xcdatamodeld;
			sourceTree = "<group>";
			versionGroupType = wrapper.xcdatamodel;
		};
/* End XCVersionGroup section */
	};
	rootObject = 8443E74E1F15F7EF002EDF01 /* Project object */;
}
